
Microsoft Visual Studio Solution File, Format Version 11.00
# Visual Studio 2010
Project("{FAE04EC0-301F-11D3-BF4B-00C04F79EFBC}") = "Gurux.Terminal", "Gurux.Terminal.csproj", "{6210C774-782D-4292-AF4C-5998AC70BAFD}"
EndProject
Global
	GlobalSection(SolutionConfigurationPlatforms) = preSolution
		Debug|Any CPU = Debug|Any CPU
		Release|Any CPU = Release|Any CPU
	EndGlobalSection
	GlobalSection(ProjectConfigurationPlatforms) = postSolution
		{6210C774-782D-4292-AF4C-5998AC70BAFD}.Debug|Any CPU.ActiveCfg = Debug|Any CPU
		{6210C774-782D-4292-AF4C-5998AC70BAFD}.Debug|Any CPU.Build.0 = Debug|Any CPU
		{6210C774-782D-4292-AF4C-5998AC70BAFD}.Release|Any CPU.ActiveCfg = Release|Any CPU
		{6210C774-782D-4292-AF4C-5998AC70BAFD}.Release|Any CPU.Build.0 = Release|Any CPU
	EndGlobalSection
	GlobalSection(SolutionProperties) = preSolution
		HideSolutionNode = FALSE
	EndGlobalSection
EndGlobal
