
Microsoft Visual Studio Solution File, Format Version 11.00
# Visual Studio 2010
Project("{FAE04EC0-301F-11D3-BF4B-00C04F79EFBC}") = "GXTerminal csharp Sample", "GXTerminal csharp Sample.csproj", "{A53A7751-E184-4F45-8617-6F607A49E280}"
EndProject
Project("{FAE04EC0-301F-11D3-BF4B-00C04F79EFBC}") = "Gurux.Terminal_2010", "..\Development\Gurux.Terminal_2010.csproj", "{6210C774-782D-4292-AF4C-5998AC70BAFD}"
EndProject
Project("{FAE04EC0-301F-11D3-BF4B-00C04F79EFBC}") = "Gurux.Common_2010", "..\..\..\Gurux.Common\Development\Gurux.Common_2010.csproj", "{749652D4-4779-4869-AD81-5211A661CD1B}"
EndProject
Global
	GlobalSection(SolutionConfigurationPlatforms) = preSolution
		Debug|Any CPU = Debug|Any CPU
		Debug|x64 = Debug|x64
		Debug|x86 = Debug|x86
		Release|Any CPU = Release|Any CPU
		Release|x64 = Release|x64
		Release|x86 = Release|x86
	EndGlobalSection
	GlobalSection(ProjectConfigurationPlatforms) = postSolution
		{A53A7751-E184-4F45-8617-6F607A49E280}.Debug|Any CPU.ActiveCfg = Debug|Any CPU
		{A53A7751-E184-4F45-8617-6F607A49E280}.Debug|Any CPU.Build.0 = Debug|Any CPU
		{A53A7751-E184-4F45-8617-6F607A49E280}.Debug|x64.ActiveCfg = Debug|x64
		{A53A7751-E184-4F45-8617-6F607A49E280}.Debug|x64.Build.0 = Debug|x64
		{A53A7751-E184-4F45-8617-6F607A49E280}.Debug|x86.ActiveCfg = Debug|x86
		{A53A7751-E184-4F45-8617-6F607A49E280}.Debug|x86.Build.0 = Debug|x86
		{A53A7751-E184-4F45-8617-6F607A49E280}.Release|Any CPU.ActiveCfg = Release|Any CPU
		{A53A7751-E184-4F45-8617-6F607A49E280}.Release|Any CPU.Build.0 = Release|Any CPU
		{A53A7751-E184-4F45-8617-6F607A49E280}.Release|x64.ActiveCfg = Release|x64
		{A53A7751-E184-4F45-8617-6F607A49E280}.Release|x64.Build.0 = Release|x64
		{A53A7751-E184-4F45-8617-6F607A49E280}.Release|x86.ActiveCfg = Release|x86
		{A53A7751-E184-4F45-8617-6F607A49E280}.Release|x86.Build.0 = Release|x86
		{6210C774-782D-4292-AF4C-5998AC70BAFD}.Debug|Any CPU.ActiveCfg = Debug|Any CPU
		{6210C774-782D-4292-AF4C-5998AC70BAFD}.Debug|Any CPU.Build.0 = Debug|Any CPU
		{6210C774-782D-4292-AF4C-5998AC70BAFD}.Debug|x64.ActiveCfg = Debug|Any CPU
		{6210C774-782D-4292-AF4C-5998AC70BAFD}.Debug|x86.ActiveCfg = Debug|Any CPU
		{6210C774-782D-4292-AF4C-5998AC70BAFD}.Release|Any CPU.ActiveCfg = Release|Any CPU
		{6210C774-782D-4292-AF4C-5998AC70BAFD}.Release|Any CPU.Build.0 = Release|Any CPU
		{6210C774-782D-4292-AF4C-5998AC70BAFD}.Release|x64.ActiveCfg = Release|Any CPU
		{6210C774-782D-4292-AF4C-5998AC70BAFD}.Release|x86.ActiveCfg = Release|Any CPU
		{749652D4-4779-4869-AD81-5211A661CD1B}.Debug|Any CPU.ActiveCfg = Debug|Any CPU
		{749652D4-4779-4869-AD81-5211A661CD1B}.Debug|Any CPU.Build.0 = Debug|Any CPU
		{749652D4-4779-4869-AD81-5211A661CD1B}.Debug|x64.ActiveCfg = Debug|Any CPU
		{749652D4-4779-4869-AD81-5211A661CD1B}.Debug|x86.ActiveCfg = Debug|Any CPU
		{749652D4-4779-4869-AD81-5211A661CD1B}.Release|Any CPU.ActiveCfg = Release|Any CPU
		{749652D4-4779-4869-AD81-5211A661CD1B}.Release|Any CPU.Build.0 = Release|Any CPU
		{749652D4-4779-4869-AD81-5211A661CD1B}.Release|x64.ActiveCfg = Release|Any CPU
		{749652D4-4779-4869-AD81-5211A661CD1B}.Release|x86.ActiveCfg = Release|Any CPU
	EndGlobalSection
	GlobalSection(SolutionProperties) = preSolution
		HideSolutionNode = FALSE
	EndGlobalSection
EndGlobal
